
Microsoft Visual Studio Solution File, Format Version 12.00
# Visual Studio 15
VisualStudioVersion = 15.0.28010.2003
MinimumVisualStudioVersion = 10.0.40219.1
Project("{FAE04EC0-301F-11D3-BF4B-00C04F79EFBC}") = "Division Tutor", "Division Tutor\Division Tutor.csproj", "{CED28D6F-A48A-4E97-91DE-10561719CB10}"
EndProject
Global
	GlobalSection(SolutionConfigurationPlatforms) = preSolution
		Debug|Any CPU = Debug|Any CPU
		Release|Any CPU = Release|Any CPU
	EndGlobalSection
	GlobalSection(ProjectConfigurationPlatforms) = postSolution
		{CED28D6F-A48A-4E97-91DE-10561719CB10}.Debug|Any CPU.ActiveCfg = Debug|Any CPU
		{CED28D6F-A48A-4E97-91DE-10561719CB10}.Debug|Any CPU.Build.0 = Debug|Any CPU
		{CED28D6F-A48A-4E97-91DE-10561719CB10}.Release|Any CPU.ActiveCfg = Release|Any CPU
		{CED28D6F-A48A-4E97-91DE-10561719CB10}.Release|Any CPU.Build.0 = Release|Any CPU
	EndGlobalSection
	GlobalSection(SolutionProperties) = preSolution
		HideSolutionNode = FALSE
	EndGlobalSection
	GlobalSection(ExtensibilityGlobals) = postSolution
		SolutionGuid = {57D2DA5E-4432-451C-B0B1-E6F266EBAF7F}
	EndGlobalSection
EndGlobal
